Microsoft Visual Studio Solution File, Format Version 11.00
# Visual Studio 2008

Project("{78CB2075-B73B-ED7D-268F-9BBE6BA32747}") = "PennAppsTest", "Assembly-CSharp-firstpass.csproj", "{8931B3A2-34E1-E739-94B8-F23731F745E6}"
EndProject
Project("{78CB2075-B73B-ED7D-268F-9BBE6BA32747}") = "PennAppsTest", "Assembly-CSharp.csproj", "{80DF4B67-6BE1-A86B-0F53-7EC439D0F9E5}"
EndProject
Global
	GlobalSection(SolutionConfigurationPlatforms) = preSolution
		Debug|Any CPU = Debug|Any CPU
		Release|Any CPU = Release|Any CPU
	EndGlobalSection
	GlobalSection(ProjectConfigurationPlatforms) = postSolution
		{8931B3A2-34E1-E739-94B8-F23731F745E6}.Debug|Any CPU.ActiveCfg = Debug|Any CPU
		{8931B3A2-34E1-E739-94B8-F23731F745E6}.Debug|Any CPU.Build.0 = Debug|Any CPU
		{8931B3A2-34E1-E739-94B8-F23731F745E6}.Release|Any CPU.ActiveCfg = Release|Any CPU
		{8931B3A2-34E1-E739-94B8-F23731F745E6}.Release|Any CPU.Build.0 = Release|Any CPU
		{80DF4B67-6BE1-A86B-0F53-7EC439D0F9E5}.Debug|Any CPU.ActiveCfg = Debug|Any CPU
		{80DF4B67-6BE1-A86B-0F53-7EC439D0F9E5}.Debug|Any CPU.Build.0 = Debug|Any CPU
		{80DF4B67-6BE1-A86B-0F53-7EC439D0F9E5}.Release|Any CPU.ActiveCfg = Release|Any CPU
		{80DF4B67-6BE1-A86B-0F53-7EC439D0F9E5}.Release|Any CPU.Build.0 = Release|Any CPU
	EndGlobalSection
	GlobalSection(SolutionProperties) = preSolution
		HideSolutionNode = FALSE
	EndGlobalSection
								GlobalSection(MonoDevelopProperties) = preSolution
		StartupItem = Assembly-CSharp.csproj
		Policies = $0
		$0.TextStylePolicy = $1
		$1.inheritsSet = null
		$1.scope = text/x-csharp
		$0.CSharpFormattingPolicy = $2
		$2.inheritsSet = Mono
		$2.inheritsScope = text/x-csharp
		$2.scope = text/x-csharp
		$0.TextStylePolicy = $3
		$3.FileWidth = 120
		$3.TabWidth = 4
		$3.EolMarker = Unix
		$3.inheritsSet = Mono
		$3.inheritsScope = text/plain
		$3.scope = text/plain
	EndGlobalSection

EndGlobal
